{
    "version": "0.5",
    "requires": [
        "zlib/1.2.13#e377bee636333ae348d51ca90874e353%1682597484.674",
        "sdl/2.26.1#152c43fdd07f187f0b2a9150596c9c63%1681205276.792",
        "libiconv/1.17#fa54397801cd96911a8294bc5fc76335%1675449822.495",
        "implot/0.16#c25309dd442617c2a48be5e3a0757294%1693108677.51",
        "imgui/1.89.8#aca90b5254026e5261ad533d53a807e7%1691062405.992",
        "glad/0.1.36#c926453afdd9d5f72cc4ee6a8fff7d73%1678839632.23",
        "bzip2/1.0.8#411fc05e80d47a89045edc1ee6f23c1d%1678293522.814",
        "boost/1.80.0#7ce52a0e4f06404d91edc32cf7a79daa%1682803249.895"
    ],
    "build_requires": [
        "cmake/3.25.3#586c962fa58ccc886a7b2667f7c19ab9%1678699428.979",
        "b2/4.9.6#2e02945ad41739b8051247d14fe8297d%1679927934.674"
    ],
    "python_requires": []
}